
Microsoft Visual Studio Solution File, Format Version 12.00
# Visual Studio Version 17
VisualStudioVersion = 17.14.36119.2 d17.14
MinimumVisualStudioVersion = 10.0.40219.1
Project("{FAE04EC0-301F-11D3-BF4B-00C04F79EFBC}") = "CarRental.API", "CarRental.API\CarRental.API.csproj", "{1A8F7B33-C8AA-420A-B771-3B2839F38B47}"
EndProject
Project("{FAE04EC0-301F-11D3-BF4B-00C04F79EFBC}") = "CarRental.Domain", "CarRental.Domain\CarRental.Domain.csproj", "{F6A2148E-030F-4798-A05E-B4A4663A4FB3}"
EndProject
Project("{FAE04EC0-301F-11D3-BF4B-00C04F79EFBC}") = "CarRental.Application", "CarRental.Application\CarRental.Application.csproj", "{F6D01EB2-1435-4B2A-8064-11FD4F6C33E0}"
EndProject
Project("{FAE04EC0-301F-11D3-BF4B-00C04F79EFBC}") = "CarRental.Infrastructure", "CarRental.Infrastructure\CarRental.Infrastructure.csproj", "{49BB88B9-A3D8-42FB-BBFA-C62B927E0697}"
EndProject
Global
	GlobalSection(SolutionConfigurationPlatforms) = preSolution
		Debug|Any CPU = Debug|Any CPU
		Release|Any CPU = Release|Any CPU
	EndGlobalSection
	GlobalSection(ProjectConfigurationPlatforms) = postSolution
		{1A8F7B33-C8AA-420A-B771-3B2839F38B47}.Debug|Any CPU.ActiveCfg = Debug|Any CPU
		{1A8F7B33-C8AA-420A-B771-3B2839F38B47}.Debug|Any CPU.Build.0 = Debug|Any CPU
		{1A8F7B33-C8AA-420A-B771-3B2839F38B47}.Release|Any CPU.ActiveCfg = Release|Any CPU
		{1A8F7B33-C8AA-420A-B771-3B2839F38B47}.Release|Any CPU.Build.0 = Release|Any CPU
		{F6A2148E-030F-4798-A05E-B4A4663A4FB3}.Debug|Any CPU.ActiveCfg = Debug|Any CPU
		{F6A2148E-030F-4798-A05E-B4A4663A4FB3}.Debug|Any CPU.Build.0 = Debug|Any CPU
		{F6A2148E-030F-4798-A05E-B4A4663A4FB3}.Release|Any CPU.ActiveCfg = Release|Any CPU
		{F6A2148E-030F-4798-A05E-B4A4663A4FB3}.Release|Any CPU.Build.0 = Release|Any CPU
		{F6D01EB2-1435-4B2A-8064-11FD4F6C33E0}.Debug|Any CPU.ActiveCfg = Debug|Any CPU
		{F6D01EB2-1435-4B2A-8064-11FD4F6C33E0}.Debug|Any CPU.Build.0 = Debug|Any CPU
		{F6D01EB2-1435-4B2A-8064-11FD4F6C33E0}.Release|Any CPU.ActiveCfg = Release|Any CPU
		{F6D01EB2-1435-4B2A-8064-11FD4F6C33E0}.Release|Any CPU.Build.0 = Release|Any CPU
		{49BB88B9-A3D8-42FB-BBFA-C62B927E0697}.Debug|Any CPU.ActiveCfg = Debug|Any CPU
		{49BB88B9-A3D8-42FB-BBFA-C62B927E0697}.Debug|Any CPU.Build.0 = Debug|Any CPU
		{49BB88B9-A3D8-42FB-BBFA-C62B927E0697}.Release|Any CPU.ActiveCfg = Release|Any CPU
		{49BB88B9-A3D8-42FB-BBFA-C62B927E0697}.Release|Any CPU.Build.0 = Release|Any CPU
	EndGlobalSection
	GlobalSection(SolutionProperties) = preSolution
		HideSolutionNode = FALSE
	EndGlobalSection
	GlobalSection(ExtensibilityGlobals) = postSolution
		SolutionGuid = {AE1E8B1D-54BC-41EB-9EF4-714B4582A820}
	EndGlobalSection
EndGlobal
